
Microsoft Visual Studio Solution File, Format Version 12.00
# Visual Studio 15
VisualStudioVersion = 15.0.28010.2041
MinimumVisualStudioVersion = 10.0.40219.1
Project("{FAE04EC0-301F-11D3-BF4B-00C04F79EFBC}") = "Olive.Android", "Olive\Olive.Android\Olive.Android.csproj", "{44FEF93C-4608-4244-AA9C-7F47919B7ADF}"
EndProject
Project("{FAE04EC0-301F-11D3-BF4B-00C04F79EFBC}") = "Olive", "Olive\Olive\Olive.csproj", "{40A8B0EB-9D00-4524-AD94-F19E8378C432}"
EndProject
Global
	GlobalSection(SolutionConfigurationPlatforms) = preSolution
		Debug|Any CPU = Debug|Any CPU
		Release|Any CPU = Release|Any CPU
	EndGlobalSection
	GlobalSection(ProjectConfigurationPlatforms) = postSolution
		{44FEF93C-4608-4244-AA9C-7F47919B7ADF}.Debug|Any CPU.ActiveCfg = Debug|Any CPU
		{44FEF93C-4608-4244-AA9C-7F47919B7ADF}.Debug|Any CPU.Build.0 = Debug|Any CPU
		{44FEF93C-4608-4244-AA9C-7F47919B7ADF}.Debug|Any CPU.Deploy.0 = Debug|Any CPU
		{44FEF93C-4608-4244-AA9C-7F47919B7ADF}.Release|Any CPU.ActiveCfg = Release|Any CPU
		{44FEF93C-4608-4244-AA9C-7F47919B7ADF}.Release|Any CPU.Build.0 = Release|Any CPU
		{44FEF93C-4608-4244-AA9C-7F47919B7ADF}.Release|Any CPU.Deploy.0 = Release|Any CPU
		{40A8B0EB-9D00-4524-AD94-F19E8378C432}.Debug|Any CPU.ActiveCfg = Debug|Any CPU
		{40A8B0EB-9D00-4524-AD94-F19E8378C432}.Debug|Any CPU.Build.0 = Debug|Any CPU
		{40A8B0EB-9D00-4524-AD94-F19E8378C432}.Debug|Any CPU.Deploy.0 = Debug|Any CPU
		{40A8B0EB-9D00-4524-AD94-F19E8378C432}.Release|Any CPU.ActiveCfg = Release|Any CPU
		{40A8B0EB-9D00-4524-AD94-F19E8378C432}.Release|Any CPU.Build.0 = Release|Any CPU
		{40A8B0EB-9D00-4524-AD94-F19E8378C432}.Release|Any CPU.Deploy.0 = Release|Any CPU
	EndGlobalSection
	GlobalSection(SolutionProperties) = preSolution
		HideSolutionNode = FALSE
	EndGlobalSection
	GlobalSection(ExtensibilityGlobals) = postSolution
		SolutionGuid = {AA24342E-6653-46A7-A245-5FA8B940A731}
	EndGlobalSection
EndGlobal
